
Microsoft Visual Studio Solution File, Format Version 12.00
# Visual Studio Version 16
VisualStudioVersion = 16.0.32126.315
MinimumVisualStudioVersion = 10.0.40219.1
Project("{FAE04EC0-301F-11D3-BF4B-00C04F79EFBC}") = "WebApp4", "WebApp4\WebApp4.csproj", "{2400A3F5-422B-4C92-8AFC-9566624A5BE7}"
EndProject
Global
	GlobalSection(SolutionConfigurationPlatforms) = preSolution
		Debug|Any CPU = Debug|Any CPU
		Release|Any CPU = Release|Any CPU
	EndGlobalSection
	GlobalSection(ProjectConfigurationPlatforms) = postSolution
		{2400A3F5-422B-4C92-8AFC-9566624A5BE7}.Debug|Any CPU.ActiveCfg = Debug|Any CPU
		{2400A3F5-422B-4C92-8AFC-9566624A5BE7}.Debug|Any CPU.Build.0 = Debug|Any CPU
		{2400A3F5-422B-4C92-8AFC-9566624A5BE7}.Release|Any CPU.ActiveCfg = Release|Any CPU
		{2400A3F5-422B-4C92-8AFC-9566624A5BE7}.Release|Any CPU.Build.0 = Release|Any CPU
	EndGlobalSection
	GlobalSection(SolutionProperties) = preSolution
		HideSolutionNode = FALSE
	EndGlobalSection
	GlobalSection(ExtensibilityGlobals) = postSolution
		SolutionGuid = {BC36DE45-3D1D-4CB5-9B5B-9D407BC7B9F0}
	EndGlobalSection
EndGlobal
